
Microsoft Visual Studio Solution File, Format Version 12.00
# Visual Studio 15
VisualStudioVersion = 15.0.28307.329
MinimumVisualStudioVersion = 10.0.40219.1
Project("{FAE04EC0-301F-11D3-BF4B-00C04F79EFBC}") = "01_HelloWorld", "01_HelloWorld\01_HelloWorld.csproj", "{E62C9620-485C-4BA3-AAA9-1F87C9F58822}"
EndProject
Project("{FAE04EC0-301F-11D3-BF4B-00C04F79EFBC}") = "DotNetFundamentals_InATestProject", "DotNetFundamentals_InATestProject\DotNetFundamentals_InATestProject.csproj", "{89521940-C89A-4532-887D-5ADBBE8FD76F}"
EndProject
Project("{FAE04EC0-301F-11D3-BF4B-00C04F79EFBC}") = "Calculator_RepositoryPattern", "Calculator_RepositoryPattern\Calculator_RepositoryPattern.csproj", "{94F2D4A3-865D-4866-A95E-554E36A68DA5}"
EndProject
Project("{FAE04EC0-301F-11D3-BF4B-00C04F79EFBC}") = "CalculatorRepositoryPattern_Test", "CalculatorRepositoryPattern_Test\CalculatorRepositoryPattern_Test.csproj", "{E7FEAAC6-53F4-46D5-98AA-0BBAC0F3E64A}"
EndProject
Project("{FAE04EC0-301F-11D3-BF4B-00C04F79EFBC}") = "Class_Example", "Class_Example\Class_Example.csproj", "{AC3AC6E8-BCF9-4A09-B21D-7ECC1ED91420}"
EndProject
Project("{FAE04EC0-301F-11D3-BF4B-00C04F79EFBC}") = "Class_Example_Tests", "Class_Example_Tests\Class_Example_Tests.csproj", "{89BF59ED-E42F-4CC2-B05A-0ADD73C67685}"
EndProject
Project("{FAE04EC0-301F-11D3-BF4B-00C04F79EFBC}") = "Challenge_Mon_1", "Challenge_Mon_1\Challenge_Mon_1.csproj", "{97EDFB84-F5AE-49D2-B299-1CF74F496E94}"
EndProject
Project("{FAE04EC0-301F-11D3-BF4B-00C04F79EFBC}") = "Challenge_Mon_1_V2", "Challenge_Mon_1_V2\Challenge_Mon_1_V2.csproj", "{62E386D5-F47F-4296-9E21-FE904B8BF417}"
EndProject
Project("{FAE04EC0-301F-11D3-BF4B-00C04F79EFBC}") = "Challenge_Mon_1_V2_Testproject", "Challenge_Mon_1_V2_Testproject\Challenge_Mon_1_V2_Testproject.csproj", "{EA107AE1-9F84-4280-8CE4-D04F699489B5}"
EndProject
Project("{FAE04EC0-301F-11D3-BF4B-00C04F79EFBC}") = "Challenge_Wed_1", "Challenge_Wed_1\Challenge_Wed_1.csproj", "{0AF70687-8AA0-4B6C-8FBD-367A70565FD9}"
EndProject
Global
	GlobalSection(SolutionConfigurationPlatforms) = preSolution
		Debug|Any CPU = Debug|Any CPU
		Release|Any CPU = Release|Any CPU
	EndGlobalSection
	GlobalSection(ProjectConfigurationPlatforms) = postSolution
		{E62C9620-485C-4BA3-AAA9-1F87C9F58822}.Debug|Any CPU.ActiveCfg = Debug|Any CPU
		{E62C9620-485C-4BA3-AAA9-1F87C9F58822}.Debug|Any CPU.Build.0 = Debug|Any CPU
		{E62C9620-485C-4BA3-AAA9-1F87C9F58822}.Release|Any CPU.ActiveCfg = Release|Any CPU
		{E62C9620-485C-4BA3-AAA9-1F87C9F58822}.Release|Any CPU.Build.0 = Release|Any CPU
		{89521940-C89A-4532-887D-5ADBBE8FD76F}.Debug|Any CPU.ActiveCfg = Debug|Any CPU
		{89521940-C89A-4532-887D-5ADBBE8FD76F}.Debug|Any CPU.Build.0 = Debug|Any CPU
		{89521940-C89A-4532-887D-5ADBBE8FD76F}.Release|Any CPU.ActiveCfg = Release|Any CPU
		{89521940-C89A-4532-887D-5ADBBE8FD76F}.Release|Any CPU.Build.0 = Release|Any CPU
		{94F2D4A3-865D-4866-A95E-554E36A68DA5}.Debug|Any CPU.ActiveCfg = Debug|Any CPU
		{94F2D4A3-865D-4866-A95E-554E36A68DA5}.Debug|Any CPU.Build.0 = Debug|Any CPU
		{94F2D4A3-865D-4866-A95E-554E36A68DA5}.Release|Any CPU.ActiveCfg = Release|Any CPU
		{94F2D4A3-865D-4866-A95E-554E36A68DA5}.Release|Any CPU.Build.0 = Release|Any CPU
		{E7FEAAC6-53F4-46D5-98AA-0BBAC0F3E64A}.Debug|Any CPU.ActiveCfg = Debug|Any CPU
		{E7FEAAC6-53F4-46D5-98AA-0BBAC0F3E64A}.Debug|Any CPU.Build.0 = Debug|Any CPU
		{E7FEAAC6-53F4-46D5-98AA-0BBAC0F3E64A}.Release|Any CPU.ActiveCfg = Release|Any CPU
		{E7FEAAC6-53F4-46D5-98AA-0BBAC0F3E64A}.Release|Any CPU.Build.0 = Release|Any CPU
		{AC3AC6E8-BCF9-4A09-B21D-7ECC1ED91420}.Debug|Any CPU.ActiveCfg = Debug|Any CPU
		{AC3AC6E8-BCF9-4A09-B21D-7ECC1ED91420}.Debug|Any CPU.Build.0 = Debug|Any CPU
		{AC3AC6E8-BCF9-4A09-B21D-7ECC1ED91420}.Release|Any CPU.ActiveCfg = Release|Any CPU
		{AC3AC6E8-BCF9-4A09-B21D-7ECC1ED91420}.Release|Any CPU.Build.0 = Release|Any CPU
		{89BF59ED-E42F-4CC2-B05A-0ADD73C67685}.Debug|Any CPU.ActiveCfg = Debug|Any CPU
		{89BF59ED-E42F-4CC2-B05A-0ADD73C67685}.Debug|Any CPU.Build.0 = Debug|Any CPU
		{89BF59ED-E42F-4CC2-B05A-0ADD73C67685}.Release|Any CPU.ActiveCfg = Release|Any CPU
		{89BF59ED-E42F-4CC2-B05A-0ADD73C67685}.Release|Any CPU.Build.0 = Release|Any CPU
		{97EDFB84-F5AE-49D2-B299-1CF74F496E94}.Debug|Any CPU.ActiveCfg = Debug|Any CPU
		{97EDFB84-F5AE-49D2-B299-1CF74F496E94}.Debug|Any CPU.Build.0 = Debug|Any CPU
		{97EDFB84-F5AE-49D2-B299-1CF74F496E94}.Release|Any CPU.ActiveCfg = Release|Any CPU
		{97EDFB84-F5AE-49D2-B299-1CF74F496E94}.Release|Any CPU.Build.0 = Release|Any CPU
		{62E386D5-F47F-4296-9E21-FE904B8BF417}.Debug|Any CPU.ActiveCfg = Debug|Any CPU
		{62E386D5-F47F-4296-9E21-FE904B8BF417}.Debug|Any CPU.Build.0 = Debug|Any CPU
		{62E386D5-F47F-4296-9E21-FE904B8BF417}.Release|Any CPU.ActiveCfg = Release|Any CPU
		{62E386D5-F47F-4296-9E21-FE904B8BF417}.Release|Any CPU.Build.0 = Release|Any CPU
		{EA107AE1-9F84-4280-8CE4-D04F699489B5}.Debug|Any CPU.ActiveCfg = Debug|Any CPU
		{EA107AE1-9F84-4280-8CE4-D04F699489B5}.Debug|Any CPU.Build.0 = Debug|Any CPU
		{EA107AE1-9F84-4280-8CE4-D04F699489B5}.Release|Any CPU.ActiveCfg = Release|Any CPU
		{EA107AE1-9F84-4280-8CE4-D04F699489B5}.Release|Any CPU.Build.0 = Release|Any CPU
		{0AF70687-8AA0-4B6C-8FBD-367A70565FD9}.Debug|Any CPU.ActiveCfg = Debug|Any CPU
		{0AF70687-8AA0-4B6C-8FBD-367A70565FD9}.Debug|Any CPU.Build.0 = Debug|Any CPU
		{0AF70687-8AA0-4B6C-8FBD-367A70565FD9}.Release|Any CPU.ActiveCfg = Release|Any CPU
		{0AF70687-8AA0-4B6C-8FBD-367A70565FD9}.Release|Any CPU.Build.0 = Release|Any CPU
	EndGlobalSection
	GlobalSection(SolutionProperties) = preSolution
		HideSolutionNode = FALSE
	EndGlobalSection
	GlobalSection(ExtensibilityGlobals) = postSolution
		SolutionGuid = {23C2035C-2FAC-4959-BEEC-FD5708007EDE}
	EndGlobalSection
EndGlobal
